
Microsoft Visual Studio Solution File, Format Version 12.00
# Visual Studio 15
VisualStudioVersion = 15.0.27428.2037
MinimumVisualStudioVersion = 10.0.40219.1
Project("{FAE04EC0-301F-11D3-BF4B-00C04F79EFBC}") = "CsharpWF", "CsharpWF\CsharpWF.csproj", "{DBFFA99F-3784-45E2-A9CF-CD6857673D1F}"
EndProject
Global
	GlobalSection(SolutionConfigurationPlatforms) = preSolution
		Debug|Any CPU = Debug|Any CPU
		Release|Any CPU = Release|Any CPU
	EndGlobalSection
	GlobalSection(ProjectConfigurationPlatforms) = postSolution
		{DBFFA99F-3784-45E2-A9CF-CD6857673D1F}.Debug|Any CPU.ActiveCfg = Debug|Any CPU
		{DBFFA99F-3784-45E2-A9CF-CD6857673D1F}.Debug|Any CPU.Build.0 = Debug|Any CPU
		{DBFFA99F-3784-45E2-A9CF-CD6857673D1F}.Release|Any CPU.ActiveCfg = Release|Any CPU
		{DBFFA99F-3784-45E2-A9CF-CD6857673D1F}.Release|Any CPU.Build.0 = Release|Any CPU
	EndGlobalSection
	GlobalSection(SolutionProperties) = preSolution
		HideSolutionNode = FALSE
	EndGlobalSection
	GlobalSection(ExtensibilityGlobals) = postSolution
		SolutionGuid = {DD5DD5B3-3508-41F8-B8FD-0F767E25C7DF}
	EndGlobalSection
EndGlobal
